
Microsoft Visual Studio Solution File, Format Version 12.00
# Visual Studio Version 17
VisualStudioVersion = 17.13.35806.99 d17.13
MinimumVisualStudioVersion = 10.0.40219.1
Project("{8BC9CEB8-8B4A-11D0-8D11-00A0C91BC942}") = "COMUTL", "COMUTL\COMUTL.vcxproj", "{01C6C3F2-908A-E954-487C-636CB7353BDE}"
EndProject
Global
	GlobalSection(SolutionConfigurationPlatforms) = preSolution
		Debug|x64 = Debug|x64
		Debug|x86 = Debug|x86
		Release|x64 = Release|x64
		Release|x86 = Release|x86
	EndGlobalSection
	GlobalSection(ProjectConfigurationPlatforms) = postSolution
		{01C6C3F2-908A-E954-487C-636CB7353BDE}.Debug|x64.ActiveCfg = Debug|x64
		{01C6C3F2-908A-E954-487C-636CB7353BDE}.Debug|x64.Build.0 = Debug|x64
		{01C6C3F2-908A-E954-487C-636CB7353BDE}.Debug|x86.ActiveCfg = Debug|Win32
		{01C6C3F2-908A-E954-487C-636CB7353BDE}.Debug|x86.Build.0 = Debug|Win32
		{01C6C3F2-908A-E954-487C-636CB7353BDE}.Release|x64.ActiveCfg = Release|x64
		{01C6C3F2-908A-E954-487C-636CB7353BDE}.Release|x64.Build.0 = Release|x64
		{01C6C3F2-908A-E954-487C-636CB7353BDE}.Release|x86.ActiveCfg = Release|Win32
		{01C6C3F2-908A-E954-487C-636CB7353BDE}.Release|x86.Build.0 = Release|Win32
	EndGlobalSection
	GlobalSection(SolutionProperties) = preSolution
		HideSolutionNode = FALSE
	EndGlobalSection
	GlobalSection(ExtensibilityGlobals) = postSolution
		SolutionGuid = {EBFB9F3B-F5AD-4293-8430-71E1AF0CD5EC}
	EndGlobalSection
EndGlobal
